
Microsoft Visual Studio Solution File, Format Version 12.00
# Visual Studio 15
VisualStudioVersion = 15.0.34031.82
MinimumVisualStudioVersion = 10.0.40219.1
Project("{FAE04EC0-301F-11D3-BF4B-00C04F79EFBC}") = "KTRACHUONG4_HuynhAnhTuan_00911", "KTRACHUONG4_HuynhAnhTuan_00911\KTRACHUONG4_HuynhAnhTuan_00911.csproj", "{4642F201-0953-46E5-BF8C-E938398EA1B1}"
EndProject
Global
	GlobalSection(SolutionConfigurationPlatforms) = preSolution
		Debug|Any CPU = Debug|Any CPU
		Release|Any CPU = Release|Any CPU
	EndGlobalSection
	GlobalSection(ProjectConfigurationPlatforms) = postSolution
		{4642F201-0953-46E5-BF8C-E938398EA1B1}.Debug|Any CPU.ActiveCfg = Debug|Any CPU
		{4642F201-0953-46E5-BF8C-E938398EA1B1}.Debug|Any CPU.Build.0 = Debug|Any CPU
		{4642F201-0953-46E5-BF8C-E938398EA1B1}.Release|Any CPU.ActiveCfg = Release|Any CPU
		{4642F201-0953-46E5-BF8C-E938398EA1B1}.Release|Any CPU.Build.0 = Release|Any CPU
	EndGlobalSection
	GlobalSection(SolutionProperties) = preSolution
		HideSolutionNode = FALSE
	EndGlobalSection
	GlobalSection(ExtensibilityGlobals) = postSolution
		SolutionGuid = {995D3C80-EDD3-49DF-ADA4-68BB5C8EBAD1}
	EndGlobalSection
EndGlobal
