
Microsoft Visual Studio Solution File, Format Version 12.00
# Visual Studio 15
VisualStudioVersion = 15.0.34031.82
MinimumVisualStudioVersion = 10.0.40219.1
Project("{FAE04EC0-301F-11D3-BF4B-00C04F79EFBC}") = "ValidateForm_041023", "ValidateForm_041023\ValidateForm_041023.csproj", "{CA539224-413D-4EE0-AEF9-B596195DBEDD}"
EndProject
Global
	GlobalSection(SolutionConfigurationPlatforms) = preSolution
		Debug|Any CPU = Debug|Any CPU
		Release|Any CPU = Release|Any CPU
	EndGlobalSection
	GlobalSection(ProjectConfigurationPlatforms) = postSolution
		{CA539224-413D-4EE0-AEF9-B596195DBEDD}.Debug|Any CPU.ActiveCfg = Debug|Any CPU
		{CA539224-413D-4EE0-AEF9-B596195DBEDD}.Debug|Any CPU.Build.0 = Debug|Any CPU
		{CA539224-413D-4EE0-AEF9-B596195DBEDD}.Release|Any CPU.ActiveCfg = Release|Any CPU
		{CA539224-413D-4EE0-AEF9-B596195DBEDD}.Release|Any CPU.Build.0 = Release|Any CPU
	EndGlobalSection
	GlobalSection(SolutionProperties) = preSolution
		HideSolutionNode = FALSE
	EndGlobalSection
	GlobalSection(ExtensibilityGlobals) = postSolution
		SolutionGuid = {AFDC59E5-780A-4CCF-BB87-4060325FFAC5}
	EndGlobalSection
EndGlobal
