
Microsoft Visual Studio Solution File, Format Version 12.00
# Visual Studio Version 17
VisualStudioVersion = 17.4.33403.182
MinimumVisualStudioVersion = 10.0.40219.1
Project("{FAE04EC0-301F-11D3-BF4B-00C04F79EFBC}") = "LOC", "LOC\LOC.csproj", "{0C5CA971-12FF-4045-8F82-56BD665BBB2B}"
EndProject
Global
	GlobalSection(SolutionConfigurationPlatforms) = preSolution
		Debug|Any CPU = Debug|Any CPU
		Release|Any CPU = Release|Any CPU
	EndGlobalSection
	GlobalSection(ProjectConfigurationPlatforms) = postSolution
		{0C5CA971-12FF-4045-8F82-56BD665BBB2B}.Debug|Any CPU.ActiveCfg = Debug|Any CPU
		{0C5CA971-12FF-4045-8F82-56BD665BBB2B}.Debug|Any CPU.Build.0 = Debug|Any CPU
		{0C5CA971-12FF-4045-8F82-56BD665BBB2B}.Release|Any CPU.ActiveCfg = Release|Any CPU
		{0C5CA971-12FF-4045-8F82-56BD665BBB2B}.Release|Any CPU.Build.0 = Release|Any CPU
	EndGlobalSection
	GlobalSection(SolutionProperties) = preSolution
		HideSolutionNode = FALSE
	EndGlobalSection
	GlobalSection(ExtensibilityGlobals) = postSolution
		SolutionGuid = {621BCF7C-51E5-4FFD-8D7F-79185B521F47}
	EndGlobalSection
EndGlobal
